// !$*UTF8*$!
{
	archiveVersion = 1;
	classes = {
	};
	objectVersion = 50;
	objects = {

/* Begin PBXBuildFile section */
		8A6D7161246A2F6A003CA46C /* AppDelegate.swift in Sources */ = {isa = PBXBuildFile; fileRef = 8A6D7160246A2F6A003CA46C /* AppDelegate.swift */; };
		8A6D7163246A2F6A003CA46C /* ViewController.swift in Sources */ = {isa = PBXBuildFile; fileRef = 8A6D7162246A2F6A003CA46C /* ViewController.swift */; };
		8A6D7165246A2F6A003CA46C /* Assets.xcassets in Resources */ = {isa = PBXBuildFile; fileRef = 8A6D7164246A2F6A003CA46C /* Assets.xcassets */; };
		8A6D7168246A2F6A003CA46C /* Main.storyboard in Resources */ = {isa = PBXBuildFile; fileRef = 8A6D7166246A2F6A003CA46C /* Main.storyboard */; };
		8A72CF31246BAEBB004E153F /* LineRasteration.swift in Sources */ = {isa = PBXBuildFile; fileRef = 8A72CF10246BAEBB004E153F /* LineRasteration.swift */; };
		8A72CF32246BAEBB004E153F /* FragmentRasteration.swift in Sources */ = {isa = PBXBuildFile; fileRef = 8A72CF11246BAEBB004E153F /* FragmentRasteration.swift */; };
		8A72CF33246BAEBB004E153F /* ObjectDrawProtocol2D.swift in Sources */ = {isa = PBXBuildFile; fileRef = 8A72CF13246BAEBB004E153F /* ObjectDrawProtocol2D.swift */; };
		8A72CF34246BAEBB004E153F /* ObjectDrawProtocol3D.swift in Sources */ = {isa = PBXBuildFile; fileRef = 8A72CF14246BAEBB004E153F /* ObjectDrawProtocol3D.swift */; };
		8A72CF35246BAEBB004E153F /* TextureFragment3D.swift in Sources */ = {isa = PBXBuildFile; fileRef = 8A72CF16246BAEBB004E153F /* TextureFragment3D.swift */; };
		8A72CF36246BAEBB004E153F /* Fragment3D.swift in Sources */ = {isa = PBXBuildFile; fileRef = 8A72CF17246BAEBB004E153F /* Fragment3D.swift */; };
		8A72CF37246BAEBB004E153F /* Line3D.swift in Sources */ = {isa = PBXBuildFile; fileRef = 8A72CF18246BAEBB004E153F /* Line3D.swift */; };
		8A72CF38246BAEBB004E153F /* Light.swift in Sources */ = {isa = PBXBuildFile; fileRef = 8A72CF19246BAEBB004E153F /* Light.swift */; };
		8A72CF39246BAEBB004E153F /* Camera.swift in Sources */ = {isa = PBXBuildFile; fileRef = 8A72CF1A246BAEBB004E153F /* Camera.swift */; };
		8A72CF3A246BAEBB004E153F /* Random.swift in Sources */ = {isa = PBXBuildFile; fileRef = 8A72CF1C246BAEBB004E153F /* Random.swift */; };
		8A72CF3B246BAEBB004E153F /* Normalize.swift in Sources */ = {isa = PBXBuildFile; fileRef = 8A72CF1D246BAEBB004E153F /* Normalize.swift */; };
		8A72CF3C246BAEBB004E153F /* Consts.swift in Sources */ = {isa = PBXBuildFile; fileRef = 8A72CF1F246BAEBB004E153F /* Consts.swift */; };
		8A72CF3D246BAEBB004E153F /* Canvas.swift in Sources */ = {isa = PBXBuildFile; fileRef = 8A72CF20246BAEBB004E153F /* Canvas.swift */; };
		8A72CF3E246BAEBB004E153F /* Line2D.swift in Sources */ = {isa = PBXBuildFile; fileRef = 8A72CF22246BAEBB004E153F /* Line2D.swift */; };
		8A72CF3F246BAEBB004E153F /* Fragment2D.swift in Sources */ = {isa = PBXBuildFile; fileRef = 8A72CF23246BAEBB004E153F /* Fragment2D.swift */; };
		8A72CF40246BAEBB004E153F /* Point2D.swift in Sources */ = {isa = PBXBuildFile; fileRef = 8A72CF25246BAEBB004E153F /* Point2D.swift */; };
		8A72CF41246BAEBB004E153F /* ScreenPoint.swift in Sources */ = {isa = PBXBuildFile; fileRef = 8A72CF26246BAEBB004E153F /* ScreenPoint.swift */; };
		8A72CF42246BAEBB004E153F /* TextureCoords2D.swift in Sources */ = {isa = PBXBuildFile; fileRef = 8A72CF27246BAEBB004E153F /* TextureCoords2D.swift */; };
		8A72CF43246BAEBB004E153F /* Point3D.swift in Sources */ = {isa = PBXBuildFile; fileRef = 8A72CF28246BAEBB004E153F /* Point3D.swift */; };
		8A72CF44246BAEBB004E153F /* FragmentInterpolate.swift in Sources */ = {isa = PBXBuildFile; fileRef = 8A72CF2A246BAEBB004E153F /* FragmentInterpolate.swift */; };
		8A72CF45246BAEBB004E153F /* LinearInterpolate.swift in Sources */ = {isa = PBXBuildFile; fileRef = 8A72CF2B246BAEBB004E153F /* LinearInterpolate.swift */; };
		8A72CF46246BAEBB004E153F /* ColorInterpolate.swift in Sources */ = {isa = PBXBuildFile; fileRef = 8A72CF2C246BAEBB004E153F /* ColorInterpolate.swift */; };
		8A72CF47246BAEBB004E153F /* TextureInterpolate.swift in Sources */ = {isa = PBXBuildFile; fileRef = 8A72CF2D246BAEBB004E153F /* TextureInterpolate.swift */; };
		8A72CF48246BAEBB004E153F /* Pixel.swift in Sources */ = {isa = PBXBuildFile; fileRef = 8A72CF2F246BAEBB004E153F /* Pixel.swift */; };
		8A72CF49246BAEBB004E153F /* BitmapHelper.swift in Sources */ = {isa = PBXBuildFile; fileRef = 8A72CF30246BAEBB004E153F /* BitmapHelper.swift */; };
		8A72CF4B246BB127004E153F /* grass.png in Resources */ = {isa = PBXBuildFile; fileRef = 8A72CF4A246BB127004E153F /* grass.png */; };
/* End PBXBuildFile section */

/* Begin PBXFileReference section */
		8A6D715D246A2F6A003CA46C /* dummy-app.app */ = {isa = PBXFileReference; explicitFileType = wrapper.application; includeInIndex = 0; path = "dummy-app.app"; sourceTree = BUILT_PRODUCTS_DIR; };
		8A6D7160246A2F6A003CA46C /* AppDelegate.swift */ = {isa = PBXFileReference; lastKnownFileType = sourcecode.swift; path = AppDelegate.swift; sourceTree = "<group>"; };
		8A6D7162246A2F6A003CA46C /* ViewController.swift */ = {isa = PBXFileReference; lastKnownFileType = sourcecode.swift; path = ViewController.swift; sourceTree = "<group>"; };
		8A6D7164246A2F6A003CA46C /* Assets.xcassets */ = {isa = PBXFileReference; lastKnownFileType = folder.assetcatalog; path = Assets.xcassets; sourceTree = "<group>"; };
		8A6D7167246A2F6A003CA46C /* Base */ = {isa = PBXFileReference; lastKnownFileType = file.storyboard; name = Base; path = Base.lproj/Main.storyboard; sourceTree = "<group>"; };
		8A6D7169246A2F6A003CA46C /* Info.plist */ = {isa = PBXFileReference; lastKnownFileType = text.plist.xml; path = Info.plist; sourceTree = "<group>"; };
		8A6D716A246A2F6A003CA46C /* dummy_app.entitlements */ = {isa = PBXFileReference; lastKnownFileType = text.plist.entitlements; path = dummy_app.entitlements; sourceTree = "<group>"; };
		8A72CF10246BAEBB004E153F /* LineRasteration.swift */ = {isa = PBXFileReference; fileEncoding = 4; lastKnownFileType = sourcecode.swift; path = LineRasteration.swift; sourceTree = "<group>"; };
		8A72CF11246BAEBB004E153F /* FragmentRasteration.swift */ = {isa = PBXFileReference; fileEncoding = 4; lastKnownFileType = sourcecode.swift; path = FragmentRasteration.swift; sourceTree = "<group>"; };
		8A72CF13246BAEBB004E153F /* ObjectDrawProtocol2D.swift */ = {isa = PBXFileReference; fileEncoding = 4; lastKnownFileType = sourcecode.swift; path = ObjectDrawProtocol2D.swift; sourceTree = "<group>"; };
		8A72CF14246BAEBB004E153F /* ObjectDrawProtocol3D.swift */ = {isa = PBXFileReference; fileEncoding = 4; lastKnownFileType = sourcecode.swift; path = ObjectDrawProtocol3D.swift; sourceTree = "<group>"; };
		8A72CF16246BAEBB004E153F /* TextureFragment3D.swift */ = {isa = PBXFileReference; fileEncoding = 4; lastKnownFileType = sourcecode.swift; path = TextureFragment3D.swift; sourceTree = "<group>"; };
		8A72CF17246BAEBB004E153F /* Fragment3D.swift */ = {isa = PBXFileReference; fileEncoding = 4; lastKnownFileType = sourcecode.swift; path = Fragment3D.swift; sourceTree = "<group>"; };
		8A72CF18246BAEBB004E153F /* Line3D.swift */ = {isa = PBXFileReference; fileEncoding = 4; lastKnownFileType = sourcecode.swift; path = Line3D.swift; sourceTree = "<group>"; };
		8A72CF19246BAEBB004E153F /* Light.swift */ = {isa = PBXFileReference; fileEncoding = 4; lastKnownFileType = sourcecode.swift; path = Light.swift; sourceTree = "<group>"; };
		8A72CF1A246BAEBB004E153F /* Camera.swift */ = {isa = PBXFileReference; fileEncoding = 4; lastKnownFileType = sourcecode.swift; path = Camera.swift; sourceTree = "<group>"; };
		8A72CF1C246BAEBB004E153F /* Random.swift */ = {isa = PBXFileReference; fileEncoding = 4; lastKnownFileType = sourcecode.swift; path = Random.swift; sourceTree = "<group>"; };
		8A72CF1D246BAEBB004E153F /* Normalize.swift */ = {isa = PBXFileReference; fileEncoding = 4; lastKnownFileType = sourcecode.swift; path = Normalize.swift; sourceTree = "<group>"; };
		8A72CF1F246BAEBB004E153F /* Consts.swift */ = {isa = PBXFileReference; fileEncoding = 4; lastKnownFileType = sourcecode.swift; path = Consts.swift; sourceTree = "<group>"; };
		8A72CF20246BAEBB004E153F /* Canvas.swift */ = {isa = PBXFileReference; fileEncoding = 4; lastKnownFileType = sourcecode.swift; path = Canvas.swift; sourceTree = "<group>"; };
		8A72CF22246BAEBB004E153F /* Line2D.swift */ = {isa = PBXFileReference; fileEncoding = 4; lastKnownFileType = sourcecode.swift; path = Line2D.swift; sourceTree = "<group>"; };
		8A72CF23246BAEBB004E153F /* Fragment2D.swift */ = {isa = PBXFileReference; fileEncoding = 4; lastKnownFileType = sourcecode.swift; path = Fragment2D.swift; sourceTree = "<group>"; };
		8A72CF25246BAEBB004E153F /* Point2D.swift */ = {isa = PBXFileReference; fileEncoding = 4; lastKnownFileType = sourcecode.swift; path = Point2D.swift; sourceTree = "<group>"; };
		8A72CF26246BAEBB004E153F /* ScreenPoint.swift */ = {isa = PBXFileReference; fileEncoding = 4; lastKnownFileType = sourcecode.swift; path = ScreenPoint.swift; sourceTree = "<group>"; };
		8A72CF27246BAEBB004E153F /* TextureCoords2D.swift */ = {isa = PBXFileReference; fileEncoding = 4; lastKnownFileType = sourcecode.swift; path = TextureCoords2D.swift; sourceTree = "<group>"; };
		8A72CF28246BAEBB004E153F /* Point3D.swift */ = {isa = PBXFileReference; fileEncoding = 4; lastKnownFileType = sourcecode.swift; path = Point3D.swift; sourceTree = "<group>"; };
		8A72CF2A246BAEBB004E153F /* FragmentInterpolate.swift */ = {isa = PBXFileReference; fileEncoding = 4; lastKnownFileType = sourcecode.swift; path = FragmentInterpolate.swift; sourceTree = "<group>"; };
		8A72CF2B246BAEBB004E153F /* LinearInterpolate.swift */ = {isa = PBXFileReference; fileEncoding = 4; lastKnownFileType = sourcecode.swift; path = LinearInterpolate.swift; sourceTree = "<group>"; };
		8A72CF2C246BAEBB004E153F /* ColorInterpolate.swift */ = {isa = PBXFileReference; fileEncoding = 4; lastKnownFileType = sourcecode.swift; path = ColorInterpolate.swift; sourceTree = "<group>"; };
		8A72CF2D246BAEBB004E153F /* TextureInterpolate.swift */ = {isa = PBXFileReference; fileEncoding = 4; lastKnownFileType = sourcecode.swift; path = TextureInterpolate.swift; sourceTree = "<group>"; };
		8A72CF2F246BAEBB004E153F /* Pixel.swift */ = {isa = PBXFileReference; fileEncoding = 4; lastKnownFileType = sourcecode.swift; path = Pixel.swift; sourceTree = "<group>"; };
		8A72CF30246BAEBB004E153F /* BitmapHelper.swift */ = {isa = PBXFileReference; fileEncoding = 4; lastKnownFileType = sourcecode.swift; path = BitmapHelper.swift; sourceTree = "<group>"; };
		8A72CF4A246BB127004E153F /* grass.png */ = {isa = PBXFileReference; lastKnownFileType = image.png; path = grass.png; sourceTree = "<group>"; };
/* End PBXFileReference section */

/* Begin PBXFrameworksBuildPhase section */
		8A6D715A246A2F6A003CA46C /* Frameworks */ = {
			isa = PBXFrameworksBuildPhase;
			buildActionMask = 2147483647;
			files = (
			);
			runOnlyForDeploymentPostprocessing = 0;
		};
/* End PBXFrameworksBuildPhase section */

/* Begin PBXGroup section */
		8A6D7154246A2F6A003CA46C = {
			isa = PBXGroup;
			children = (
				8A72CF4A246BB127004E153F /* grass.png */,
				8A72CF0E246BAEBB004E153F /* Sources */,
				8A6D715F246A2F6A003CA46C /* dummy-app */,
				8A6D715E246A2F6A003CA46C /* Products */,
			);
			sourceTree = "<group>";
		};
		8A6D715E246A2F6A003CA46C /* Products */ = {
			isa = PBXGroup;
			children = (
				8A6D715D246A2F6A003CA46C /* dummy-app.app */,
			);
			name = Products;
			sourceTree = "<group>";
		};
		8A6D715F246A2F6A003CA46C /* dummy-app */ = {
			isa = PBXGroup;
			children = (
				8A6D7160246A2F6A003CA46C /* AppDelegate.swift */,
				8A6D7162246A2F6A003CA46C /* ViewController.swift */,
				8A6D7164246A2F6A003CA46C /* Assets.xcassets */,
				8A6D7166246A2F6A003CA46C /* Main.storyboard */,
				8A6D7169246A2F6A003CA46C /* Info.plist */,
				8A6D716A246A2F6A003CA46C /* dummy_app.entitlements */,
			);
			path = "dummy-app";
			sourceTree = "<group>";
		};
		8A72CF0E246BAEBB004E153F /* Sources */ = {
			isa = PBXGroup;
			children = (
				8A72CF0F246BAEBB004E153F /* Rasteration */,
				8A72CF12246BAEBB004E153F /* ObjectBase */,
				8A72CF15246BAEBB004E153F /* Objects3D */,
				8A72CF1B246BAEBB004E153F /* Utils */,
				8A72CF1E246BAEBB004E153F /* Canvas */,
				8A72CF21246BAEBB004E153F /* Objects2D */,
				8A72CF24246BAEBB004E153F /* Points */,
				8A72CF29246BAEBB004E153F /* Interpolate */,
				8A72CF2E246BAEBB004E153F /* Pixels */,
			);
			name = Sources;
			path = ../SoftRenderer.playground/Sources;
			sourceTree = "<group>";
		};
		8A72CF0F246BAEBB004E153F /* Rasteration */ = {
			isa = PBXGroup;
			children = (
				8A72CF10246BAEBB004E153F /* LineRasteration.swift */,
				8A72CF11246BAEBB004E153F /* FragmentRasteration.swift */,
			);
			path = Rasteration;
			sourceTree = "<group>";
		};
		8A72CF12246BAEBB004E153F /* ObjectBase */ = {
			isa = PBXGroup;
			children = (
				8A72CF13246BAEBB004E153F /* ObjectDrawProtocol2D.swift */,
				8A72CF14246BAEBB004E153F /* ObjectDrawProtocol3D.swift */,
			);
			path = ObjectBase;
			sourceTree = "<group>";
		};
		8A72CF15246BAEBB004E153F /* Objects3D */ = {
			isa = PBXGroup;
			children = (
				8A72CF16246BAEBB004E153F /* TextureFragment3D.swift */,
				8A72CF17246BAEBB004E153F /* Fragment3D.swift */,
				8A72CF18246BAEBB004E153F /* Line3D.swift */,
				8A72CF19246BAEBB004E153F /* Light.swift */,
				8A72CF1A246BAEBB004E153F /* Camera.swift */,
			);
			path = Objects3D;
			sourceTree = "<group>";
		};
		8A72CF1B246BAEBB004E153F /* Utils */ = {
			isa = PBXGroup;
			children = (
				8A72CF1C246BAEBB004E153F /* Random.swift */,
				8A72CF1D246BAEBB004E153F /* Normalize.swift */,
			);
			path = Utils;
			sourceTree = "<group>";
		};
		8A72CF1E246BAEBB004E153F /* Canvas */ = {
			isa = PBXGroup;
			children = (
				8A72CF1F246BAEBB004E153F /* Consts.swift */,
				8A72CF20246BAEBB004E153F /* Canvas.swift */,
			);
			path = Canvas;
			sourceTree = "<group>";
		};
		8A72CF21246BAEBB004E153F /* Objects2D */ = {
			isa = PBXGroup;
			children = (
				8A72CF22246BAEBB004E153F /* Line2D.swift */,
				8A72CF23246BAEBB004E153F /* Fragment2D.swift */,
			);
			path = Objects2D;
			sourceTree = "<group>";
		};
		8A72CF24246BAEBB004E153F /* Points */ = {
			isa = PBXGroup;
			children = (
				8A72CF25246BAEBB004E153F /* Point2D.swift */,
				8A72CF26246BAEBB004E153F /* ScreenPoint.swift */,
				8A72CF27246BAEBB004E153F /* TextureCoords2D.swift */,
				8A72CF28246BAEBB004E153F /* Point3D.swift */,
			);
			path = Points;
			sourceTree = "<group>";
		};
		8A72CF29246BAEBB004E153F /* Interpolate */ = {
			isa = PBXGroup;
			children = (
				8A72CF2A246BAEBB004E153F /* FragmentInterpolate.swift */,
				8A72CF2B246BAEBB004E153F /* LinearInterpolate.swift */,
				8A72CF2C246BAEBB004E153F /* ColorInterpolate.swift */,
				8A72CF2D246BAEBB004E153F /* TextureInterpolate.swift */,
			);
			path = Interpolate;
			sourceTree = "<group>";
		};
		8A72CF2E246BAEBB004E153F /* Pixels */ = {
			isa = PBXGroup;
			children = (
				8A72CF2F246BAEBB004E153F /* Pixel.swift */,
				8A72CF30246BAEBB004E153F /* BitmapHelper.swift */,
			);
			path = Pixels;
			sourceTree = "<group>";
		};
/* End PBXGroup section */

/* Begin PBXNativeTarget section */
		8A6D715C246A2F6A003CA46C /* dummy-app */ = {
			isa = PBXNativeTarget;
			buildConfigurationList = 8A6D716D246A2F6A003CA46C /* Build configuration list for PBXNativeTarget "dummy-app" */;
			buildPhases = (
				8A6D7159246A2F6A003CA46C /* Sources */,
				8A6D715A246A2F6A003CA46C /* Frameworks */,
				8A6D715B246A2F6A003CA46C /* Resources */,
			);
			buildRules = (
			);
			dependencies = (
			);
			name = "dummy-app";
			productName = "dummy-app";
			productReference = 8A6D715D246A2F6A003CA46C /* dummy-app.app */;
			productType = "com.apple.product-type.application";
		};
/* End PBXNativeTarget section */

/* Begin PBXProject section */
		8A6D7155246A2F6A003CA46C /* Project object */ = {
			isa = PBXProject;
			attributes = {
				LastSwiftUpdateCheck = 1140;
				LastUpgradeCheck = 1150;
				ORGANIZATIONNAME = yuetsin;
				TargetAttributes = {
					8A6D715C246A2F6A003CA46C = {
						CreatedOnToolsVersion = 11.4.1;
					};
				};
			};
			buildConfigurationList = 8A6D7158246A2F6A003CA46C /* Build configuration list for PBXProject "dummy-app" */;
			compatibilityVersion = "Xcode 9.3";
			developmentRegion = en;
			hasScannedForEncodings = 0;
			knownRegions = (
				en,
				Base,
			);
			mainGroup = 8A6D7154246A2F6A003CA46C;
			productRefGroup = 8A6D715E246A2F6A003CA46C /* Products */;
			projectDirPath = "";
			projectRoot = "";
			targets = (
				8A6D715C246A2F6A003CA46C /* dummy-app */,
			);
		};
/* End PBXProject section */

/* Begin PBXResourcesBuildPhase section */
		8A6D715B246A2F6A003CA46C /* Resources */ = {
			isa = PBXResourcesBuildPhase;
			buildActionMask = 2147483647;
			files = (
				8A72CF4B246BB127004E153F /* grass.png in Resources */,
				8A6D7165246A2F6A003CA46C /* Assets.xcassets in Resources */,
				8A6D7168246A2F6A003CA46C /* Main.storyboard in Resources */,
			);
			runOnlyForDeploymentPostprocessing = 0;
		};
/* End PBXResourcesBuildPhase section */

/* Begin PBXSourcesBuildPhase section */
		8A6D7159246A2F6A003CA46C /* Sources */ = {
			isa = PBXSourcesBuildPhase;
			buildActionMask = 2147483647;
			files = (
				8A72CF39246BAEBB004E153F /* Camera.swift in Sources */,
				8A72CF32246BAEBB004E153F /* FragmentRasteration.swift in Sources */,
				8A72CF31246BAEBB004E153F /* LineRasteration.swift in Sources */,
				8A72CF44246BAEBB004E153F /* FragmentInterpolate.swift in Sources */,
				8A72CF48246BAEBB004E153F /* Pixel.swift in Sources */,
				8A6D7163246A2F6A003CA46C /* ViewController.swift in Sources */,
				8A72CF33246BAEBB004E153F /* ObjectDrawProtocol2D.swift in Sources */,
				8A72CF42246BAEBB004E153F /* TextureCoords2D.swift in Sources */,
				8A72CF46246BAEBB004E153F /* ColorInterpolate.swift in Sources */,
				8A72CF43246BAEBB004E153F /* Point3D.swift in Sources */,
				8A72CF3E246BAEBB004E153F /* Line2D.swift in Sources */,
				8A6D7161246A2F6A003CA46C /* AppDelegate.swift in Sources */,
				8A72CF47246BAEBB004E153F /* TextureInterpolate.swift in Sources */,
				8A72CF35246BAEBB004E153F /* TextureFragment3D.swift in Sources */,
				8A72CF41246BAEBB004E153F /* ScreenPoint.swift in Sources */,
				8A72CF3F246BAEBB004E153F /* Fragment2D.swift in Sources */,
				8A72CF38246BAEBB004E153F /* Light.swift in Sources */,
				8A72CF40246BAEBB004E153F /* Point2D.swift in Sources */,
				8A72CF49246BAEBB004E153F /* BitmapHelper.swift in Sources */,
				8A72CF3D246BAEBB004E153F /* Canvas.swift in Sources */,
				8A72CF3A246BAEBB004E153F /* Random.swift in Sources */,
				8A72CF36246BAEBB004E153F /* Fragment3D.swift in Sources */,
				8A72CF45246BAEBB004E153F /* LinearInterpolate.swift in Sources */,
				8A72CF34246BAEBB004E153F /* ObjectDrawProtocol3D.swift in Sources */,
				8A72CF3C246BAEBB004E153F /* Consts.swift in Sources */,
				8A72CF3B246BAEBB004E153F /* Normalize.swift in Sources */,
				8A72CF37246BAEBB004E153F /* Line3D.swift in Sources */,
			);
			runOnlyForDeploymentPostprocessing = 0;
		};
/* End PBXSourcesBuildPhase section */

/* Begin PBXVariantGroup section */
		8A6D7166246A2F6A003CA46C /* Main.storyboard */ = {
			isa = PBXVariantGroup;
			children = (
				8A6D7167246A2F6A003CA46C /* Base */,
			);
			name = Main.storyboard;
			sourceTree = "<group>";
		};
/* End PBXVariantGroup section */

/* Begin XCBuildConfiguration section */
		8A6D716B246A2F6A003CA46C /* Debug */ = {
			isa = XCBuildConfiguration;
			buildSettings = {
				ALWAYS_SEARCH_USER_PATHS = NO;
				CLANG_ANALYZER_NONNULL = YES;
				CLANG_ANALYZER_NUMBER_OBJECT_CONVERSION = YES_AGGRESSIVE;
				CLANG_CXX_LANGUAGE_STANDARD = "gnu++14";
				CLANG_CXX_LIBRARY = "libc++";
				CLANG_ENABLE_MODULES = YES;
				CLANG_ENABLE_OBJC_ARC = YES;
				CLANG_ENABLE_OBJC_WEAK = YES;
				CLANG_WARN_BLOCK_CAPTURE_AUTORELEASING = YES;
				CLANG_WARN_BOOL_CONVERSION = YES;
				CLANG_WARN_COMMA = YES;
				CLANG_WARN_CONSTANT_CONVERSION = YES;
				CLANG_WARN_DEPRECATED_OBJC_IMPLEMENTATIONS = YES;
				CLANG_WARN_DIRECT_OBJC_ISA_USAGE = YES_ERROR;
				CLANG_WARN_DOCUMENTATION_COMMENTS = YES;
				CLANG_WARN_EMPTY_BODY = YES;
				CLANG_WARN_ENUM_CONVERSION = YES;
				CLANG_WARN_INFINITE_RECURSION = YES;
				CLANG_WARN_INT_CONVERSION = YES;
				CLANG_WARN_NON_LITERAL_NULL_CONVERSION = YES;
				CLANG_WARN_OBJC_IMPLICIT_RETAIN_SELF = YES;
				CLANG_WARN_OBJC_LITERAL_CONVERSION = YES;
				CLANG_WARN_OBJC_ROOT_CLASS = YES_ERROR;
				CLANG_WARN_RANGE_LOOP_ANALYSIS = YES;
				CLANG_WARN_STRICT_PROTOTYPES = YES;
				CLANG_WARN_SUSPICIOUS_MOVE = YES;
				CLANG_WARN_UNGUARDED_AVAILABILITY = YES_AGGRESSIVE;
				CLANG_WARN_UNREACHABLE_CODE = YES;
				CLANG_WARN__DUPLICATE_METHOD_MATCH = YES;
				COPY_PHASE_STRIP = NO;
				DEBUG_INFORMATION_FORMAT = dwarf;
				ENABLE_STRICT_OBJC_MSGSEND = YES;
				ENABLE_TESTABILITY = YES;
				GCC_C_LANGUAGE_STANDARD = gnu11;
				GCC_DYNAMIC_NO_PIC = NO;
				GCC_NO_COMMON_BLOCKS = YES;
				GCC_OPTIMIZATION_LEVEL = 0;
				GCC_PREPROCESSOR_DEFINITIONS = (
					"DEBUG=1",
					"$(inherited)",
				);
				GCC_WARN_64_TO_32_BIT_CONVERSION = YES;
				GCC_WARN_ABOUT_RETURN_TYPE = YES_ERROR;
				GCC_WARN_UNDECLARED_SELECTOR = YES;
				GCC_WARN_UNINITIALIZED_AUTOS = YES_AGGRESSIVE;
				GCC_WARN_UNUSED_FUNCTION = YES;
				GCC_WARN_UNUSED_VARIABLE = YES;
				MACOSX_DEPLOYMENT_TARGET = 10.15;
				MTL_ENABLE_DEBUG_INFO = INCLUDE_SOURCE;
				MTL_FAST_MATH = YES;
				ONLY_ACTIVE_ARCH = YES;
				SDKROOT = macosx;
				SWIFT_ACTIVE_COMPILATION_CONDITIONS = DEBUG;
				SWIFT_OPTIMIZATION_LEVEL = "-Onone";
			};
			name = Debug;
		};
		8A6D716C246A2F6A003CA46C /* Release */ = {
			isa = XCBuildConfiguration;
			buildSettings = {
				ALWAYS_SEARCH_USER_PATHS = NO;
				CLANG_ANALYZER_NONNULL = YES;
				CLANG_ANALYZER_NUMBER_OBJECT_CONVERSION = YES_AGGRESSIVE;
				CLANG_CXX_LANGUAGE_STANDARD = "gnu++14";
				CLANG_CXX_LIBRARY = "libc++";
				CLANG_ENABLE_MODULES = YES;
				CLANG_ENABLE_OBJC_ARC = YES;
				CLANG_ENABLE_OBJC_WEAK = YES;
				CLANG_WARN_BLOCK_CAPTURE_AUTORELEASING = YES;
				CLANG_WARN_BOOL_CONVERSION = YES;
				CLANG_WARN_COMMA = YES;
				CLANG_WARN_CONSTANT_CONVERSION = YES;
				CLANG_WARN_DEPRECATED_OBJC_IMPLEMENTATIONS = YES;
				CLANG_WARN_DIRECT_OBJC_ISA_USAGE = YES_ERROR;
				CLANG_WARN_DOCUMENTATION_COMMENTS = YES;
				CLANG_WARN_EMPTY_BODY = YES;
				CLANG_WARN_ENUM_CONVERSION = YES;
				CLANG_WARN_INFINITE_RECURSION = YES;
				CLANG_WARN_INT_CONVERSION = YES;
				CLANG_WARN_NON_LITERAL_NULL_CONVERSION = YES;
				CLANG_WARN_OBJC_IMPLICIT_RETAIN_SELF = YES;
				CLANG_WARN_OBJC_LITERAL_CONVERSION = YES;
				CLANG_WARN_OBJC_ROOT_CLASS = YES_ERROR;
				CLANG_WARN_RANGE_LOOP_ANALYSIS = YES;
				CLANG_WARN_STRICT_PROTOTYPES = YES;
				CLANG_WARN_SUSPICIOUS_MOVE = YES;
				CLANG_WARN_UNGUARDED_AVAILABILITY = YES_AGGRESSIVE;
				CLANG_WARN_UNREACHABLE_CODE = YES;
				CLANG_WARN__DUPLICATE_METHOD_MATCH = YES;
				COPY_PHASE_STRIP = NO;
				DEBUG_INFORMATION_FORMAT = "dwarf-with-dsym";
				ENABLE_NS_ASSERTIONS = NO;
				ENABLE_STRICT_OBJC_MSGSEND = YES;
				GCC_C_LANGUAGE_STANDARD = gnu11;
				GCC_NO_COMMON_BLOCKS = YES;
				GCC_WARN_64_TO_32_BIT_CONVERSION = YES;
				GCC_WARN_ABOUT_RETURN_TYPE = YES_ERROR;
				GCC_WARN_UNDECLARED_SELECTOR = YES;
				GCC_WARN_UNINITIALIZED_AUTOS = YES_AGGRESSIVE;
				GCC_WARN_UNUSED_FUNCTION = YES;
				GCC_WARN_UNUSED_VARIABLE = YES;
				MACOSX_DEPLOYMENT_TARGET = 10.15;
				MTL_ENABLE_DEBUG_INFO = NO;
				MTL_FAST_MATH = YES;
				SDKROOT = macosx;
				SWIFT_COMPILATION_MODE = wholemodule;
				SWIFT_OPTIMIZATION_LEVEL = "-O";
			};
			name = Release;
		};
		8A6D716E246A2F6A003CA46C /* Debug */ = {
			isa = XCBuildConfiguration;
			buildSettings = {
				ASSETCATALOG_COMPILER_APPICON_NAME = AppIcon;
				CODE_SIGN_ENTITLEMENTS = "dummy-app/dummy_app.entitlements";
				CODE_SIGN_IDENTITY = "-";
				CODE_SIGN_STYLE = Automatic;
				COMBINE_HIDPI_IMAGES = YES;
				INFOPLIST_FILE = "dummy-app/Info.plist";
				LD_RUNPATH_SEARCH_PATHS = (
					"$(inherited)",
					"@executable_path/../Frameworks",
				);
				PRODUCT_BUNDLE_IDENTIFIER = "io.github.yuetsin.dummy-app";
				PRODUCT_NAME = "$(TARGET_NAME)";
				SWIFT_VERSION = 5.0;
			};
			name = Debug;
		};
		8A6D716F246A2F6A003CA46C /* Release */ = {
			isa = XCBuildConfiguration;
			buildSettings = {
				ASSETCATALOG_COMPILER_APPICON_NAME = AppIcon;
				CODE_SIGN_ENTITLEMENTS = "dummy-app/dummy_app.entitlements";
				CODE_SIGN_IDENTITY = "-";
				CODE_SIGN_STYLE = Automatic;
				COMBINE_HIDPI_IMAGES = YES;
				INFOPLIST_FILE = "dummy-app/Info.plist";
				LD_RUNPATH_SEARCH_PATHS = (
					"$(inherited)",
					"@executable_path/../Frameworks",
				);
				PRODUCT_BUNDLE_IDENTIFIER = "io.github.yuetsin.dummy-app";
				PRODUCT_NAME = "$(TARGET_NAME)";
				SWIFT_VERSION = 5.0;
			};
			name = Release;
		};
/* End XCBuildConfiguration section */

/* Begin XCConfigurationList section */
		8A6D7158246A2F6A003CA46C /* Build configuration list for PBXProject "dummy-app" */ = {
			isa = XCConfigurationList;
			buildConfigurations = (
				8A6D716B246A2F6A003CA46C /* Debug */,
				8A6D716C246A2F6A003CA46C /* Release */,
			);
			defaultConfigurationIsVisible = 0;
			defaultConfigurationName = Release;
		};
		8A6D716D246A2F6A003CA46C /* Build configuration list for PBXNativeTarget "dummy-app" */ = {
			isa = XCConfigurationList;
			buildConfigurations = (
				8A6D716E246A2F6A003CA46C /* Debug */,
				8A6D716F246A2F6A003CA46C /* Release */,
			);
			defaultConfigurationIsVisible = 0;
			defaultConfigurationName = Release;
		};
/* End XCConfigurationList section */
	};
	rootObject = 8A6D7155246A2F6A003CA46C /* Project object */;
}
